<?xml version="1.0" encoding="utf-8"?>
<Project ToolsVersion="4.0" xmlns="http://schemas.microsoft.com/developer/msbuild/2003">
  <ItemGroup>
    <Filter Include="Исходные файлы">
      <UniqueIdentifier>{4FC737F1-C7A5-4376-A066-2A32D752A2FF}</UniqueIdentifier>
      <Extensions>cpp;c;cc;cxx;c++;cppm;ixx;def;odl;idl;hpj;bat;asm;asmx</Extensions>
    </Filter>
    <Filter Include="Файлы заголовков">
      <UniqueIdentifier>{93995380-89BD-4b04-88EB-625FBE52EBFB}</UniqueIdentifier>
      <Extensions>h;hh;hpp;hxx;h++;hm;inl;inc;ipp;xsd</Extensions>
    </Filter>
    <Filter Include="Файлы ресурсов">
      <UniqueIdentifier>{67DA6AB6-F800-4c08-8B7A-83BB121AAD01}</UniqueIdentifier>
      <Extensions>rc;ico;cur;bmp;dlg;rc2;rct;bin;rgs;gif;jpg;jpeg;jpe;resx;tiff;tif;png;wav;mfcribbon-ms</Extensions>
    </Filter>
    <Filter Include="Файлы заголовков\legacy">
      <UniqueIdentifier>{e72c2b48-4074-4153-91aa-aa5ecbe48f39}</UniqueIdentifier>
    </Filter>
    <Filter Include="Файлы заголовков\ecs">
      <UniqueIdentifier>{1705b3b1-4911-4501-80cd-944bb9d6e95f}</UniqueIdentifier>
    </Filter>
  </ItemGroup>
  <ItemGroup>
    <ClInclude Include="src\ECS\legacy\src\system_manager.hpp">
      <Filter>Файлы заголовков\legacy</Filter>
    </ClInclude>
    <ClInclude Include="src\ECS\legacy\src\context.hpp">
      <Filter>Файлы заголовков\legacy</Filter>
    </ClInclude>
    <ClInclude Include="src\ECS\legacy\ecs.hpp">
      <Filter>Файлы заголовков\legacy</Filter>
    </ClInclude>
    <ClInclude Include="src\ECS\legacy\src\entity.hpp">
      <Filter>Файлы заголовков\legacy</Filter>
    </ClInclude>
    <ClInclude Include="src\ECS\legacy\src\entity_manager.hpp">
      <Filter>Файлы заголовков\legacy</Filter>
    </ClInclude>
    <ClInclude Include="src\ECS\legacy\src\event_bus.hpp">
      <Filter>Файлы заголовков\legacy</Filter>
    </ClInclude>
    <ClInclude Include="src\ECS\legacy\src\iterator.hpp">
      <Filter>Файлы заголовков\legacy</Filter>
    </ClInclude>
    <ClInclude Include="src\ECS\legacy\src\looper.hpp">
      <Filter>Файлы заголовков\legacy</Filter>
    </ClInclude>
    <ClInclude Include="src\ECS\legacy\src\system.hpp">
      <Filter>Файлы заголовков\legacy</Filter>
    </ClInclude>
    <ClInclude Include="src\ECS\ComponentArray\ComponentArray.h">
      <Filter>Файлы заголовков</Filter>
    </ClInclude>
    <ClInclude Include="src\ECS\Entity\Entity.h">
      <Filter>Файлы заголовков</Filter>
    </ClInclude>
    <ClInclude Include="src\ECS\ComponentArray\IComponentArray.h">
      <Filter>Файлы заголовков</Filter>
    </ClInclude>
    <ClInclude Include="src\ECS\ComponentManager\ComponentManager.h">
      <Filter>Файлы заголовков</Filter>
    </ClInclude>
    <ClInclude Include="src\ECS\TypeId\TypeId.h">
      <Filter>Файлы заголовков</Filter>
    </ClInclude>
    <ClInclude Include="src\ECS\EntityManager\EntityManager.h">
      <Filter>Файлы заголовков</Filter>
    </ClInclude>
    <ClInclude Include="src\ECS\Entity\Signature.h">
      <Filter>Файлы заголовков</Filter>
    </ClInclude>
    <ClInclude Include="src\ECS\System\System.h">
      <Filter>Файлы заголовков</Filter>
    </ClInclude>
    <ClInclude Include="src\ECS\SystemManager\SystemManager.h">
      <Filter>Файлы заголовков</Filter>
    </ClInclude>
    <ClInclude Include="src\ECS\Scene\Scene.h">
      <Filter>Файлы заголовков</Filter>
    </ClInclude>
    <ClInclude Include="src\ECS\View\Iterator\ViewIterator.h">
      <Filter>Файлы заголовков</Filter>
    </ClInclude>
    <ClInclude Include="src\ECS\View\View.h">
      <Filter>Файлы заголовков</Filter>
    </ClInclude>
    <ClInclude Include="src\ECS\View\IView.h">
      <Filter>Файлы заголовков</Filter>
    </ClInclude>
    <ClInclude Include="src\ECS\ViewManager\ViewManager.h">
      <Filter>Файлы заголовков</Filter>
    </ClInclude>
    <ClInclude Include="src\Script\common\ScriptableEntity.h">
      <Filter>Файлы заголовков</Filter>
    </ClInclude>
    <ClInclude Include="src\Script\common\ScriptComponent.h">
      <Filter>Файлы заголовков</Filter>
    </ClInclude>
    <ClInclude Include="src\Script\common\ScriptingSystem.h">
      <Filter>Файлы заголовков</Filter>
    </ClInclude>
    <ClInclude Include="src\Script\native\ScriptableEntity.h">
      <Filter>Файлы заголовков</Filter>
    </ClInclude>
    <ClInclude Include="src\Script\native\ScriptingSystem.h">
      <Filter>Файлы заголовков</Filter>
    </ClInclude>
    <ClInclude Include="src\Script\native\ScriptComponent.h">
      <Filter>Файлы заголовков</Filter>
    </ClInclude>
    <ClInclude Include="src\Types\Types.h">
      <Filter>Файлы заголовков</Filter>
    </ClInclude>
    <ClInclude Include="src\Types\SimpleType.h">
      <Filter>Файлы заголовков</Filter>
    </ClInclude>
    <ClInclude Include="src\ECS\EntityWrapper\EntityWrapper.h">
      <Filter>Файлы заголовков</Filter>
    </ClInclude>
    <ClInclude Include="src\Physics\Components.h">
      <Filter>Файлы заголовков</Filter>
    </ClInclude>
    <ClInclude Include="src\Math\Vector.h">
      <Filter>Файлы заголовков</Filter>
    </ClInclude>
    <ClInclude Include="src\Physics\System.h">
      <Filter>Файлы заголовков</Filter>
    </ClInclude>
    <ClInclude Include="public\ecs.hpp">
      <Filter>Файлы заголовков</Filter>
    </ClInclude>
    <ClInclude Include="public\physics.hpp">
      <Filter>Файлы заголовков</Filter>
    </ClInclude>
    <ClInclude Include="public\scripts.hpp">
      <Filter>Файлы заголовков</Filter>
    </ClInclude>
  </ItemGroup>
  <ItemGroup>
    <None Include="src\ECS\ComponentArray\ComponentArray.impl" />
    <None Include="src\ECS\ComponentManager\ComponentManager.impl" />
    <None Include="src\ECS\EntityManager\EntityManager.impl" />
    <None Include="src\ECS\SystemManager\SystemManager.impl" />
  </ItemGroup>
</Project>